
Microsoft Visual Studio Solution File, Format Version 12.00
# Visual Studio Version 17
VisualStudioVersion = 17.9.34607.119
MinimumVisualStudioVersion = 10.0.40219.1
Project("{FAE04EC0-301F-11D3-BF4B-00C04F79EFBC}") = "Lab1", "Lab1.csproj", "{12EA8FD0-4FC4-49E3-B80D-FF0C734331E8}"
EndProject
Global
	GlobalSection(SolutionConfigurationPlatforms) = preSolution
		Debug|Any CPU = Debug|Any CPU
		Release|Any CPU = Release|Any CPU
	EndGlobalSection
	GlobalSection(ProjectConfigurationPlatforms) = postSolution
		{12EA8FD0-4FC4-49E3-B80D-FF0C734331E8}.Debug|Any CPU.ActiveCfg = Debug|Any CPU
		{12EA8FD0-4FC4-49E3-B80D-FF0C734331E8}.Debug|Any CPU.Build.0 = Debug|Any CPU
		{12EA8FD0-4FC4-49E3-B80D-FF0C734331E8}.Release|Any CPU.ActiveCfg = Release|Any CPU
		{12EA8FD0-4FC4-49E3-B80D-FF0C734331E8}.Release|Any CPU.Build.0 = Release|Any CPU
	EndGlobalSection
	GlobalSection(SolutionProperties) = preSolution
		HideSolutionNode = FALSE
	EndGlobalSection
	GlobalSection(ExtensibilityGlobals) = postSolution
		SolutionGuid = {F7A2C869-8B79-4328-A17C-34D595CE153C}
	EndGlobalSection
EndGlobal
